
Microsoft Visual Studio Solution File, Format Version 12.00
# Visual Studio Version 16
VisualStudioVersion = 16.0.28803.352
MinimumVisualStudioVersion = 10.0.40219.1
Project("{FAE04EC0-301F-11D3-BF4B-00C04F79EFBC}") = "Integral.Compiler", "Integral.Compiler\Integral.Compiler.csproj", "{0F58DDC4-7953-4806-A2C9-70FA5F485F62}"
EndProject
Project("{FAE04EC0-301F-11D3-BF4B-00C04F79EFBC}") = "Integral.Calculator", "Integral.Calculator\Integral.Calculator.csproj", "{F1D2377E-1052-4050-B410-8B38BAFFAA0B}"
EndProject
Project("{FAE04EC0-301F-11D3-BF4B-00C04F79EFBC}") = "Integral.GUI", "Integral.GUI\Integral.GUI.csproj", "{C53A9999-A778-449E-8302-510F61A3025B}"
EndProject
Global
	GlobalSection(SolutionConfigurationPlatforms) = preSolution
		Debug|Any CPU = Debug|Any CPU
		Release|Any CPU = Release|Any CPU
	EndGlobalSection
	GlobalSection(ProjectConfigurationPlatforms) = postSolution
		{0F58DDC4-7953-4806-A2C9-70FA5F485F62}.Debug|Any CPU.ActiveCfg = Debug|Any CPU
		{0F58DDC4-7953-4806-A2C9-70FA5F485F62}.Debug|Any CPU.Build.0 = Debug|Any CPU
		{0F58DDC4-7953-4806-A2C9-70FA5F485F62}.Release|Any CPU.ActiveCfg = Release|Any CPU
		{0F58DDC4-7953-4806-A2C9-70FA5F485F62}.Release|Any CPU.Build.0 = Release|Any CPU
		{F1D2377E-1052-4050-B410-8B38BAFFAA0B}.Debug|Any CPU.ActiveCfg = Debug|Any CPU
		{F1D2377E-1052-4050-B410-8B38BAFFAA0B}.Debug|Any CPU.Build.0 = Debug|Any CPU
		{F1D2377E-1052-4050-B410-8B38BAFFAA0B}.Release|Any CPU.ActiveCfg = Release|Any CPU
		{F1D2377E-1052-4050-B410-8B38BAFFAA0B}.Release|Any CPU.Build.0 = Release|Any CPU
		{C53A9999-A778-449E-8302-510F61A3025B}.Debug|Any CPU.ActiveCfg = Debug|Any CPU
		{C53A9999-A778-449E-8302-510F61A3025B}.Debug|Any CPU.Build.0 = Debug|Any CPU
		{C53A9999-A778-449E-8302-510F61A3025B}.Release|Any CPU.ActiveCfg = Release|Any CPU
		{C53A9999-A778-449E-8302-510F61A3025B}.Release|Any CPU.Build.0 = Release|Any CPU
	EndGlobalSection
	GlobalSection(SolutionProperties) = preSolution
		HideSolutionNode = FALSE
	EndGlobalSection
	GlobalSection(ExtensibilityGlobals) = postSolution
		SolutionGuid = {F37D5F58-6C00-47EF-A8D5-FD6872601389}
	EndGlobalSection
EndGlobal
